
Microsoft Visual Studio Solution File, Format Version 12.00
# Visual Studio Version 17
VisualStudioVersion = 17.14.36310.24
MinimumVisualStudioVersion = 10.0.40219.1
Project("{2150E333-8FDC-42A3-9474-1A3956D46DE8}") = "Services", "Services", "{02EA681E-C7D8-13C7-8484-4AC65E1B71E8}"
EndProject
Project("{2150E333-8FDC-42A3-9474-1A3956D46DE8}") = "Catalog", "Catalog", "{5E0A1CCA-AFA3-480B-99A7-BB271AEDDEA6}"
EndProject
Project("{FAE04EC0-301F-11D3-BF4B-00C04F79EFBC}") = "Catalog.API", "Services\Catalog\Catalog.API\Catalog.API.csproj", "{9925675F-807C-463A-8FFA-173375539FA1}"
EndProject
Project("{2150E333-8FDC-42A3-9474-1A3956D46DE8}") = "BuildingBlocks", "BuildingBlocks", "{AB34350E-5387-4501-AA50-4CCB06CA6762}"
EndProject
Project("{FAE04EC0-301F-11D3-BF4B-00C04F79EFBC}") = "BuildingBlocks", "BuildingBlocks\BuildingBlocks\BuildingBlocks.csproj", "{96E4AF27-416D-4707-B478-0C5D908DA97B}"
EndProject
Project("{E53339B2-1760-4266-BCC7-CA923CBCF16C}") = "docker-compose", "docker-compose.dcproj", "{81DDED9D-158B-E303-5F62-77A2896D2A5A}"
EndProject
Project("{2150E333-8FDC-42A3-9474-1A3956D46DE8}") = "Basket", "Basket", "{31055339-14A8-40A9-8C27-875A85E9B963}"
EndProject
Project("{FAE04EC0-301F-11D3-BF4B-00C04F79EFBC}") = "Basket.API", "Services\Basket\Basket.API\Basket.API.csproj", "{D2266BE8-B928-44D9-858B-720F24D28C56}"
EndProject
Project("{2150E333-8FDC-42A3-9474-1A3956D46DE8}") = "Discount", "Discount", "{30798B30-1CC6-47C2-B591-C7DBC16DC93E}"
EndProject
Project("{FAE04EC0-301F-11D3-BF4B-00C04F79EFBC}") = "Discount.Grpc", "Services\Discount\Discount.Grpc\Discount.Grpc.csproj", "{D98ACA20-31C0-4891-B7E7-A9933A192110}"
EndProject
Project("{2150E333-8FDC-42A3-9474-1A3956D46DE8}") = "Ordering", "Ordering", "{4F56BFE6-87E8-4A76-87DF-FF1F18253D8A}"
EndProject
Project("{FAE04EC0-301F-11D3-BF4B-00C04F79EFBC}") = "Ordering.API", "Services\Ordering\Ordering.API\Ordering.API.csproj", "{948C8619-A8CD-4004-AC5C-D0EB3989D8CA}"
EndProject
Project("{FAE04EC0-301F-11D3-BF4B-00C04F79EFBC}") = "Ordering.Application", "Services\Ordering\Ordering.Application\Ordering.Application.csproj", "{86B3D231-4DCB-4AD9-BAA8-8A942003F516}"
EndProject
Project("{FAE04EC0-301F-11D3-BF4B-00C04F79EFBC}") = "Ordering.Domain", "Services\Ordering\Ordering.Domain\Ordering.Domain.csproj", "{55A161E2-B5DE-448A-B6BF-A73A032296B2}"
EndProject
Project("{FAE04EC0-301F-11D3-BF4B-00C04F79EFBC}") = "Ordering.Infrastructure", "Services\Ordering\Ordering.Infrastructure\Ordering.Infrastructure.csproj", "{1CB4F697-0F3E-493B-AD59-8F4B0C72F241}"
EndProject
Global
	GlobalSection(SolutionConfigurationPlatforms) = preSolution
		Debug|Any CPU = Debug|Any CPU
		Release|Any CPU = Release|Any CPU
	EndGlobalSection
	GlobalSection(ProjectConfigurationPlatforms) = postSolution
		{9925675F-807C-463A-8FFA-173375539FA1}.Debug|Any CPU.ActiveCfg = Debug|Any CPU
		{9925675F-807C-463A-8FFA-173375539FA1}.Debug|Any CPU.Build.0 = Debug|Any CPU
		{9925675F-807C-463A-8FFA-173375539FA1}.Release|Any CPU.ActiveCfg = Release|Any CPU
		{9925675F-807C-463A-8FFA-173375539FA1}.Release|Any CPU.Build.0 = Release|Any CPU
		{96E4AF27-416D-4707-B478-0C5D908DA97B}.Debug|Any CPU.ActiveCfg = Debug|Any CPU
		{96E4AF27-416D-4707-B478-0C5D908DA97B}.Debug|Any CPU.Build.0 = Debug|Any CPU
		{96E4AF27-416D-4707-B478-0C5D908DA97B}.Release|Any CPU.ActiveCfg = Release|Any CPU
		{96E4AF27-416D-4707-B478-0C5D908DA97B}.Release|Any CPU.Build.0 = Release|Any CPU
		{81DDED9D-158B-E303-5F62-77A2896D2A5A}.Debug|Any CPU.ActiveCfg = Debug|Any CPU
		{81DDED9D-158B-E303-5F62-77A2896D2A5A}.Debug|Any CPU.Build.0 = Debug|Any CPU
		{81DDED9D-158B-E303-5F62-77A2896D2A5A}.Release|Any CPU.ActiveCfg = Release|Any CPU
		{81DDED9D-158B-E303-5F62-77A2896D2A5A}.Release|Any CPU.Build.0 = Release|Any CPU
		{D2266BE8-B928-44D9-858B-720F24D28C56}.Debug|Any CPU.ActiveCfg = Debug|Any CPU
		{D2266BE8-B928-44D9-858B-720F24D28C56}.Debug|Any CPU.Build.0 = Debug|Any CPU
		{D2266BE8-B928-44D9-858B-720F24D28C56}.Release|Any CPU.ActiveCfg = Release|Any CPU
		{D2266BE8-B928-44D9-858B-720F24D28C56}.Release|Any CPU.Build.0 = Release|Any CPU
		{D98ACA20-31C0-4891-B7E7-A9933A192110}.Debug|Any CPU.ActiveCfg = Debug|Any CPU
		{D98ACA20-31C0-4891-B7E7-A9933A192110}.Debug|Any CPU.Build.0 = Debug|Any CPU
		{D98ACA20-31C0-4891-B7E7-A9933A192110}.Release|Any CPU.ActiveCfg = Release|Any CPU
		{D98ACA20-31C0-4891-B7E7-A9933A192110}.Release|Any CPU.Build.0 = Release|Any CPU
		{948C8619-A8CD-4004-AC5C-D0EB3989D8CA}.Debug|Any CPU.ActiveCfg = Debug|Any CPU
		{948C8619-A8CD-4004-AC5C-D0EB3989D8CA}.Debug|Any CPU.Build.0 = Debug|Any CPU
		{948C8619-A8CD-4004-AC5C-D0EB3989D8CA}.Release|Any CPU.ActiveCfg = Release|Any CPU
		{948C8619-A8CD-4004-AC5C-D0EB3989D8CA}.Release|Any CPU.Build.0 = Release|Any CPU
		{86B3D231-4DCB-4AD9-BAA8-8A942003F516}.Debug|Any CPU.ActiveCfg = Debug|Any CPU
		{86B3D231-4DCB-4AD9-BAA8-8A942003F516}.Debug|Any CPU.Build.0 = Debug|Any CPU
		{86B3D231-4DCB-4AD9-BAA8-8A942003F516}.Release|Any CPU.ActiveCfg = Release|Any CPU
		{86B3D231-4DCB-4AD9-BAA8-8A942003F516}.Release|Any CPU.Build.0 = Release|Any CPU
		{55A161E2-B5DE-448A-B6BF-A73A032296B2}.Debug|Any CPU.ActiveCfg = Debug|Any CPU
		{55A161E2-B5DE-448A-B6BF-A73A032296B2}.Debug|Any CPU.Build.0 = Debug|Any CPU
		{55A161E2-B5DE-448A-B6BF-A73A032296B2}.Release|Any CPU.ActiveCfg = Release|Any CPU
		{55A161E2-B5DE-448A-B6BF-A73A032296B2}.Release|Any CPU.Build.0 = Release|Any CPU
		{1CB4F697-0F3E-493B-AD59-8F4B0C72F241}.Debug|Any CPU.ActiveCfg = Debug|Any CPU
		{1CB4F697-0F3E-493B-AD59-8F4B0C72F241}.Debug|Any CPU.Build.0 = Debug|Any CPU
		{1CB4F697-0F3E-493B-AD59-8F4B0C72F241}.Release|Any CPU.ActiveCfg = Release|Any CPU
		{1CB4F697-0F3E-493B-AD59-8F4B0C72F241}.Release|Any CPU.Build.0 = Release|Any CPU
	EndGlobalSection
	GlobalSection(SolutionProperties) = preSolution
		HideSolutionNode = FALSE
	EndGlobalSection
	GlobalSection(NestedProjects) = preSolution
		{5E0A1CCA-AFA3-480B-99A7-BB271AEDDEA6} = {02EA681E-C7D8-13C7-8484-4AC65E1B71E8}
		{9925675F-807C-463A-8FFA-173375539FA1} = {5E0A1CCA-AFA3-480B-99A7-BB271AEDDEA6}
		{96E4AF27-416D-4707-B478-0C5D908DA97B} = {AB34350E-5387-4501-AA50-4CCB06CA6762}
		{31055339-14A8-40A9-8C27-875A85E9B963} = {02EA681E-C7D8-13C7-8484-4AC65E1B71E8}
		{D2266BE8-B928-44D9-858B-720F24D28C56} = {31055339-14A8-40A9-8C27-875A85E9B963}
		{30798B30-1CC6-47C2-B591-C7DBC16DC93E} = {02EA681E-C7D8-13C7-8484-4AC65E1B71E8}
		{D98ACA20-31C0-4891-B7E7-A9933A192110} = {30798B30-1CC6-47C2-B591-C7DBC16DC93E}
		{4F56BFE6-87E8-4A76-87DF-FF1F18253D8A} = {02EA681E-C7D8-13C7-8484-4AC65E1B71E8}
		{948C8619-A8CD-4004-AC5C-D0EB3989D8CA} = {4F56BFE6-87E8-4A76-87DF-FF1F18253D8A}
		{86B3D231-4DCB-4AD9-BAA8-8A942003F516} = {4F56BFE6-87E8-4A76-87DF-FF1F18253D8A}
		{55A161E2-B5DE-448A-B6BF-A73A032296B2} = {4F56BFE6-87E8-4A76-87DF-FF1F18253D8A}
		{1CB4F697-0F3E-493B-AD59-8F4B0C72F241} = {4F56BFE6-87E8-4A76-87DF-FF1F18253D8A}
	EndGlobalSection
	GlobalSection(ExtensibilityGlobals) = postSolution
		SolutionGuid = {1460C77C-26C4-4CA9-8101-16B5AC61B95B}
	EndGlobalSection
EndGlobal
